{
    "_readme": [
        "This file locks the dependencies of your project to a known state",
        "Read more about it at https://getcomposer.org/doc/01-basic-usage.md#installing-dependencies",
        "This file is @generated automatically"
    ],
    "content-hash": "9849ff0a0a6403f438f772f24676ed7b",
    "packages": [],
    "packages-dev": [
        {
            "name": "mrdebug/crudgen",
            "version": "1.9.4",
            "source": {
                "type": "git",
                "url": "https://github.com/misterdebug/crud-generator-laravel.git",
                "reference": "55bc6f97f723cf295cdeb7c4616554af4150c6d6"
            },
            "dist": {
                "type": "zip",
                "url": "https://api.github.com/repos/misterdebug/crud-generator-laravel/zipball/55bc6f97f723cf295cdeb7c4616554af4150c6d6",
                "reference": "55bc6f97f723cf295cdeb7c4616554af4150c6d6",
                "shasum": ""
            },
            "require": {
                "php": ">=5.5.9"
            },
            "type": "library",
            "extra": {
                "laravel": {
                    "providers": [
                        "Mrdebug\\Crudgen\\CrudgenServiceProvider"
                    ]
                }
            },
            "autoload": {
                "psr-4": {
                    "Mrdebug\\Crudgen\\": "src/"
                }
            },
            "notification-url": "https://packagist.org/downloads/",
            "license": [
                "MIT"
            ],
            "authors": [
                {
                    "name": "Jonathan Escarem",
                    "email": "contact@escarem-jonathan.fr"
                }
            ],
            "description": "Create a Laravel Crud in a few seconds",
            "support": {
                "issues": "https://github.com/misterdebug/crud-generator-laravel/issues",
                "source": "https://github.com/misterdebug/crud-generator-laravel/tree/1.9.4"
            },
            "time": "2023-01-22T20:10:44+00:00"
        }
    ],
    "aliases": [],
    "minimum-stability": "stable",
    "stability-flags": [],
    "prefer-stable": false,
    "prefer-lowest": false,
    "platform": [],
    "platform-dev": [],
    "plugin-api-version": "2.3.0"
}
